<?xml version="1.0" encoding="utf-8"?>
<Project ToolsVersion="4.0" xmlns="http://schemas.microsoft.com/developer/msbuild/2003">
  <ItemGroup>
    <Filter Include="Source Files">
      <UniqueIdentifier>{4FC737F1-C7A5-4376-A066-2A32D752A2FF}</UniqueIdentifier>
      <Extensions>cpp;c;cc;cxx;def;odl;idl;hpj;bat;asm;asmx</Extensions>
    </Filter>
    <Filter Include="Header Files">
      <UniqueIdentifier>{93995380-89BD-4b04-88EB-625FBE52EBFB}</UniqueIdentifier>
      <Extensions>h;hh;hpp;hxx;hm;inl;inc;xsd</Extensions>
    </Filter>
    <Filter Include="Resource Files">
      <UniqueIdentifier>{67DA6AB6-F800-4c08-8B7A-83BB121AAD01}</UniqueIdentifier>
      <Extensions>rc;ico;cur;bmp;dlg;rc2;rct;bin;rgs;gif;jpg;jpeg;jpe;resx;tiff;tif;png;wav;mfcribbon-ms</Extensions>
    </Filter>
  </ItemGroup>
  <ItemGroup>
    <ClCompile Include="main.cpp">
      <Filter>Source Files</Filter>
    </ClCompile>
    <ClCompile Include="core\IndexBuffer.cpp">
      <Filter>Source Files</Filter>
    </ClCompile>
    <ClCompile Include="core\Renderer.cpp">
      <Filter>Source Files</Filter>
    </ClCompile>
    <ClCompile Include="core\Shader.cpp">
      <Filter>Source Files</Filter>
    </ClCompile>
    <ClCompile Include="core\VertexArray.cpp">
      <Filter>Source Files</Filter>
    </ClCompile>
    <ClCompile Include="core\VertexBuffer.cpp">
      <Filter>Source Files</Filter>
    </ClCompile>
    <ClCompile Include="core\Window.cpp">
      <Filter>Source Files</Filter>
    </ClCompile>
    <ClCompile Include="core\ErrorHandler.cpp">
      <Filter>Source Files</Filter>
    </ClCompile>
    <ClCompile Include="oldmain.cpp">
      <Filter>Source Files</Filter>
    </ClCompile>
    <ClCompile Include="math\mat4.cpp">
      <Filter>Source Files</Filter>
    </ClCompile>
    <ClCompile Include="math\vec2.cpp">
      <Filter>Source Files</Filter>
    </ClCompile>
    <ClCompile Include="math\vec3.cpp">
      <Filter>Source Files</Filter>
    </ClCompile>
    <ClCompile Include="math\vec4.cpp">
      <Filter>Source Files</Filter>
    </ClCompile>
    <ClCompile Include="core\Texture.cpp">
      <Filter>Source Files</Filter>
    </ClCompile>
  </ItemGroup>
  <ItemGroup>
    <None Include="shaders\vertex.shader" />
    <None Include="shaders\frag1.shader" />
    <None Include="shaders\frag2.shader" />
    <None Include="shaders\vertex2.shader" />
    <None Include="shaders\vertex1.shader" />
    <None Include="shaders\frag.shader" />
  </ItemGroup>
  <ItemGroup>
    <ClInclude Include="core\IndexBuffer.h">
      <Filter>Header Files</Filter>
    </ClInclude>
    <ClInclude Include="core\Renderer.h">
      <Filter>Header Files</Filter>
    </ClInclude>
    <ClInclude Include="core\Shader.h">
      <Filter>Header Files</Filter>
    </ClInclude>
    <ClInclude Include="core\VertexArray.h">
      <Filter>Header Files</Filter>
    </ClInclude>
    <ClInclude Include="core\VertexBuffer.h">
      <Filter>Header Files</Filter>
    </ClInclude>
    <ClInclude Include="core\VertexBufferLayout.h">
      <Filter>Header Files</Filter>
    </ClInclude>
    <ClInclude Include="core\Window.h">
      <Filter>Header Files</Filter>
    </ClInclude>
    <ClInclude Include="core\ErrorHandler.h">
      <Filter>Header Files</Filter>
    </ClInclude>
    <ClInclude Include="math\vec4.h">
      <Filter>Header Files</Filter>
    </ClInclude>
    <ClInclude Include="math\mat4.h">
      <Filter>Header Files</Filter>
    </ClInclude>
    <ClInclude Include="math\math_func.h">
      <Filter>Header Files</Filter>
    </ClInclude>
    <ClInclude Include="math\vec2.h">
      <Filter>Header Files</Filter>
    </ClInclude>
    <ClInclude Include="math\vec3.h">
      <Filter>Header Files</Filter>
    </ClInclude>
    <ClInclude Include="math\math.h">
      <Filter>Header Files</Filter>
    </ClInclude>
    <ClInclude Include="core\stb_image.h">
      <Filter>Header Files</Filter>
    </ClInclude>
    <ClInclude Include="core\Texture.h">
      <Filter>Header Files</Filter>
    </ClInclude>
  </ItemGroup>
  <ItemGroup>
    <Image Include="textures\container.jpg">
      <Filter>Resource Files</Filter>
    </Image>
    <Image Include="textures\awesomeface.png">
      <Filter>Resource Files</Filter>
    </Image>
    <Image Include="textures\img1.jpg">
      <Filter>Resource Files</Filter>
    </Image>
    <Image Include="textures\wall.jpg">
      <Filter>Resource Files</Filter>
    </Image>
    <Image Include="textures\Small-mario.png">
      <Filter>Resource Files</Filter>
    </Image>
  </ItemGroup>
</Project>